
Microsoft Visual Studio Solution File, Format Version 12.00
Project("{FAE04EC0-301F-11D3-BF4B-00C04F79EFBC}") = "OpenCS2hock", "OpenCS2hock\OpenCS2hock.csproj", "{430CE0FF-1822-4EB6-A2C2-47B2FCBEC82B}"
EndProject
Global
	GlobalSection(SolutionConfigurationPlatforms) = preSolution
		Debug|Any CPU = Debug|Any CPU
		Release|Any CPU = Release|Any CPU
	EndGlobalSection
	GlobalSection(ProjectConfigurationPlatforms) = postSolution
		{430CE0FF-1822-4EB6-A2C2-47B2FCBEC82B}.Debug|Any CPU.ActiveCfg = Debug|Any CPU
		{430CE0FF-1822-4EB6-A2C2-47B2FCBEC82B}.Debug|Any CPU.Build.0 = Debug|Any CPU
		{430CE0FF-1822-4EB6-A2C2-47B2FCBEC82B}.Release|Any CPU.ActiveCfg = Release|Any CPU
		{430CE0FF-1822-4EB6-A2C2-47B2FCBEC82B}.Release|Any CPU.Build.0 = Release|Any CPU
	EndGlobalSection
EndGlobal
